// !$*UTF8*$!
{
	archiveVersion = 1;
	classes = {
	};
	objectVersion = 55;
	objects = {

/* Begin PBXBuildFile section */
		F8653F4227F6D2AD009800FE /* AppDelegate.swift in Sources */ = {isa = PBXBuildFile; fileRef = F8653F4127F6D2AD009800FE /* AppDelegate.swift */; };
		F8653F4427F6D2AD009800FE /* SceneDelegate.swift in Sources */ = {isa = PBXBuildFile; fileRef = F8653F4327F6D2AD009800FE /* SceneDelegate.swift */; };
		F8653F4627F6D2AD009800FE /* ViewController.swift in Sources */ = {isa = PBXBuildFile; fileRef = F8653F4527F6D2AD009800FE /* ViewController.swift */; };
		F8653F4927F6D2AD009800FE /* Main.storyboard in Resources */ = {isa = PBXBuildFile; fileRef = F8653F4727F6D2AD009800FE /* Main.storyboard */; };
		F8653F4B27F6D2AF009800FE /* Assets.xcassets in Resources */ = {isa = PBXBuildFile; fileRef = F8653F4A27F6D2AF009800FE /* Assets.xcassets */; };
		F8653F4E27F6D2AF009800FE /* LaunchScreen.storyboard in Resources */ = {isa = PBXBuildFile; fileRef = F8653F4C27F6D2AF009800FE /* LaunchScreen.storyboard */; };
		F8653F5927F6D2AF009800FE /* OhMyHomeTests.swift in Sources */ = {isa = PBXBuildFile; fileRef = F8653F5827F6D2AF009800FE /* OhMyHomeTests.swift */; };
		F8653F6327F6D2AF009800FE /* OhMyHomeUITests.swift in Sources */ = {isa = PBXBuildFile; fileRef = F8653F6227F6D2AF009800FE /* OhMyHomeUITests.swift */; };
		F8653F6527F6D2AF009800FE /* OhMyHomeUITestsLaunchTests.swift in Sources */ = {isa = PBXBuildFile; fileRef = F8653F6427F6D2AF009800FE /* OhMyHomeUITestsLaunchTests.swift */; };
		F8653F8127F71A49009800FE /* SearchViewController.swift in Sources */ = {isa = PBXBuildFile; fileRef = F8653F8027F71A49009800FE /* SearchViewController.swift */; };
		F8653F8327F734D2009800FE /* AppCoordinator.swift in Sources */ = {isa = PBXBuildFile; fileRef = F8653F8227F734D2009800FE /* AppCoordinator.swift */; };
		F8653FA327F73B68009800FE /* ItunesMedia.swift in Sources */ = {isa = PBXBuildFile; fileRef = F8653FA227F73B68009800FE /* ItunesMedia.swift */; };
		F8653FA527F73CB5009800FE /* ApiItunesMedia.swift in Sources */ = {isa = PBXBuildFile; fileRef = F8653FA427F73CB5009800FE /* ApiItunesMedia.swift */; };
		F8653FA927F73D57009800FE /* SearchUseCase.swift in Sources */ = {isa = PBXBuildFile; fileRef = F8653FA827F73D57009800FE /* SearchUseCase.swift */; };
		F8653FB227F74057009800FE /* ApiSearchRepository.swift in Sources */ = {isa = PBXBuildFile; fileRef = F8653FB127F74057009800FE /* ApiSearchRepository.swift */; };
		F8653FEB27F754DE009800FE /* ApiClient.swift in Sources */ = {isa = PBXBuildFile; fileRef = F8653FEA27F754DE009800FE /* ApiClient.swift */; };
		F8653FED27F754F4009800FE /* ApiResponse.swift in Sources */ = {isa = PBXBuildFile; fileRef = F8653FEC27F754F4009800FE /* ApiResponse.swift */; };
		F8653FEF27F75536009800FE /* Result.swift in Sources */ = {isa = PBXBuildFile; fileRef = F8653FEE27F75536009800FE /* Result.swift */; };
		F8653FF227F7554F009800FE /* SearchRepository.swift in Sources */ = {isa = PBXBuildFile; fileRef = F8653FF127F7554F009800FE /* SearchRepository.swift */; };
		F8653FF627F7562C009800FE /* SearchApi.swift in Sources */ = {isa = PBXBuildFile; fileRef = F8653FF527F7562C009800FE /* SearchApi.swift */; };
		F8653FF827F758A7009800FE /* ApiRequest+Extensions.swift in Sources */ = {isa = PBXBuildFile; fileRef = F8653FF727F758A7009800FE /* ApiRequest+Extensions.swift */; };
		F8653FFA27F75D18009800FE /* SearchPresenter.swift in Sources */ = {isa = PBXBuildFile; fileRef = F8653FF927F75D18009800FE /* SearchPresenter.swift */; };
		F8653FFC27F75E1E009800FE /* SearchRouter.swift in Sources */ = {isa = PBXBuildFile; fileRef = F8653FFB27F75E1E009800FE /* SearchRouter.swift */; };
		F8653FFE27F75EB2009800FE /* SearchFactory.swift in Sources */ = {isa = PBXBuildFile; fileRef = F8653FFD27F75EB2009800FE /* SearchFactory.swift */; };
		F865400127F76292009800FE /* ViewControllerBaseProtocol.swift in Sources */ = {isa = PBXBuildFile; fileRef = F865400027F76292009800FE /* ViewControllerBaseProtocol.swift */; };
		F865400327F76340009800FE /* TextFieldBaseProtocol.swift in Sources */ = {isa = PBXBuildFile; fileRef = F865400227F76340009800FE /* TextFieldBaseProtocol.swift */; };
		F865401427F80AC4009800FE /* ItunesMediaCell.swift in Sources */ = {isa = PBXBuildFile; fileRef = F865401227F80AC4009800FE /* ItunesMediaCell.swift */; };
		F865401527F80AC4009800FE /* ItunesMediaCell.xib in Resources */ = {isa = PBXBuildFile; fileRef = F865401327F80AC4009800FE /* ItunesMediaCell.xib */; };
		F865401827F8147D009800FE /* DetailsViewController.swift in Sources */ = {isa = PBXBuildFile; fileRef = F865401727F8147D009800FE /* DetailsViewController.swift */; };
		F865401C27F82168009800FE /* ArtworkCell.swift in Sources */ = {isa = PBXBuildFile; fileRef = F865401A27F82168009800FE /* ArtworkCell.swift */; };
		F865401D27F82168009800FE /* ArtworkCell.xib in Resources */ = {isa = PBXBuildFile; fileRef = F865401B27F82168009800FE /* ArtworkCell.xib */; };
		F865402027F82396009800FE /* DetailCell.swift in Sources */ = {isa = PBXBuildFile; fileRef = F865401E27F82396009800FE /* DetailCell.swift */; };
		F865402127F82396009800FE /* DetailCell.xib in Resources */ = {isa = PBXBuildFile; fileRef = F865401F27F82396009800FE /* DetailCell.xib */; };
		F865402327F824F2009800FE /* DetailsPresenter.swift in Sources */ = {isa = PBXBuildFile; fileRef = F865402227F824F2009800FE /* DetailsPresenter.swift */; };
		F865402527F82504009800FE /* DetailsRouter.swift in Sources */ = {isa = PBXBuildFile; fileRef = F865402427F82504009800FE /* DetailsRouter.swift */; };
		F865402727F82512009800FE /* DetailsFactory.swift in Sources */ = {isa = PBXBuildFile; fileRef = F865402627F82512009800FE /* DetailsFactory.swift */; };
		F865402A27F83988009800FE /* ApiClientTest.swift in Sources */ = {isa = PBXBuildFile; fileRef = F865402927F83988009800FE /* ApiClientTest.swift */; };
		F865402C27F89C19009800FE /* URLSessionStub.swift in Sources */ = {isa = PBXBuildFile; fileRef = F865402B27F89C19009800FE /* URLSessionStub.swift */; };
		F865402F27F89D4C009800FE /* NSError+Extensions.swift in Sources */ = {isa = PBXBuildFile; fileRef = F865402E27F89D4C009800FE /* NSError+Extensions.swift */; };
		F865403127F89E55009800FE /* SearchParameters+Extensions.swift in Sources */ = {isa = PBXBuildFile; fileRef = F865403027F89E55009800FE /* SearchParameters+Extensions.swift */; };
		F865403327F89FED009800FE /* ItunesMedia.swift in Sources */ = {isa = PBXBuildFile; fileRef = F865403227F89FED009800FE /* ItunesMedia.swift */; };
		F865403527F8A128009800FE /* ApiSearchRepositorySpy.swift in Sources */ = {isa = PBXBuildFile; fileRef = F865403427F8A128009800FE /* ApiSearchRepositorySpy.swift */; };
		F865403B27F8A290009800FE /* SearchRouterSpy.swift in Sources */ = {isa = PBXBuildFile; fileRef = F865403A27F8A290009800FE /* SearchRouterSpy.swift */; };
		F865403D27F8A349009800FE /* SearchPresenterSpy.swift in Sources */ = {isa = PBXBuildFile; fileRef = F865403C27F8A349009800FE /* SearchPresenterSpy.swift */; };
		F865403F27F8A45B009800FE /* SearchUseCaseStub.swift in Sources */ = {isa = PBXBuildFile; fileRef = F865403E27F8A45B009800FE /* SearchUseCaseStub.swift */; };
		F865404127F8A52A009800FE /* SearchViewSpy.swift in Sources */ = {isa = PBXBuildFile; fileRef = F865404027F8A52A009800FE /* SearchViewSpy.swift */; };
		F865404327F8A600009800FE /* SearchPresenterTests.swift in Sources */ = {isa = PBXBuildFile; fileRef = F865404227F8A600009800FE /* SearchPresenterTests.swift */; };
		F885B14327FAB0960074DD95 /* URLPercentEncoding+Extension.swift in Sources */ = {isa = PBXBuildFile; fileRef = F885B14227FAB0960074DD95 /* URLPercentEncoding+Extension.swift */; };
/* End PBXBuildFile section */

/* Begin PBXContainerItemProxy section */
		F8653F5527F6D2AF009800FE /* PBXContainerItemProxy */ = {
			isa = PBXContainerItemProxy;
			containerPortal = F8653F3627F6D2AD009800FE /* Project object */;
			proxyType = 1;
			remoteGlobalIDString = F8653F3D27F6D2AD009800FE;
			remoteInfo = OhMyHome;
		};
		F8653F5F27F6D2AF009800FE /* PBXContainerItemProxy */ = {
			isa = PBXContainerItemProxy;
			containerPortal = F8653F3627F6D2AD009800FE /* Project object */;
			proxyType = 1;
			remoteGlobalIDString = F8653F3D27F6D2AD009800FE;
			remoteInfo = OhMyHome;
		};
/* End PBXContainerItemProxy section */

/* Begin PBXFileReference section */
		F8653F3E27F6D2AD009800FE /* OhMyHome.app */ = {isa = PBXFileReference; explicitFileType = wrapper.application; includeInIndex = 0; path = OhMyHome.app; sourceTree = BUILT_PRODUCTS_DIR; };
		F8653F4127F6D2AD009800FE /* AppDelegate.swift */ = {isa = PBXFileReference; lastKnownFileType = sourcecode.swift; path = AppDelegate.swift; sourceTree = "<group>"; };
		F8653F4327F6D2AD009800FE /* SceneDelegate.swift */ = {isa = PBXFileReference; lastKnownFileType = sourcecode.swift; path = SceneDelegate.swift; sourceTree = "<group>"; };
		F8653F4527F6D2AD009800FE /* ViewController.swift */ = {isa = PBXFileReference; lastKnownFileType = sourcecode.swift; path = ViewController.swift; sourceTree = "<group>"; };
		F8653F4827F6D2AD009800FE /* Base */ = {isa = PBXFileReference; lastKnownFileType = file.storyboard; name = Base; path = Base.lproj/Main.storyboard; sourceTree = "<group>"; };
		F8653F4A27F6D2AF009800FE /* Assets.xcassets */ = {isa = PBXFileReference; lastKnownFileType = folder.assetcatalog; path = Assets.xcassets; sourceTree = "<group>"; };
		F8653F4D27F6D2AF009800FE /* Base */ = {isa = PBXFileReference; lastKnownFileType = file.storyboard; name = Base; path = Base.lproj/LaunchScreen.storyboard; sourceTree = "<group>"; };
		F8653F4F27F6D2AF009800FE /* Info.plist */ = {isa = PBXFileReference; lastKnownFileType = text.plist.xml; path = Info.plist; sourceTree = "<group>"; };
		F8653F5427F6D2AF009800FE /* OhMyHomeTests.xctest */ = {isa = PBXFileReference; explicitFileType = wrapper.cfbundle; includeInIndex = 0; path = OhMyHomeTests.xctest; sourceTree = BUILT_PRODUCTS_DIR; };
		F8653F5827F6D2AF009800FE /* OhMyHomeTests.swift */ = {isa = PBXFileReference; lastKnownFileType = sourcecode.swift; path = OhMyHomeTests.swift; sourceTree = "<group>"; };
		F8653F5E27F6D2AF009800FE /* OhMyHomeUITests.xctest */ = {isa = PBXFileReference; explicitFileType = wrapper.cfbundle; includeInIndex = 0; path = OhMyHomeUITests.xctest; sourceTree = BUILT_PRODUCTS_DIR; };
		F8653F6227F6D2AF009800FE /* OhMyHomeUITests.swift */ = {isa = PBXFileReference; lastKnownFileType = sourcecode.swift; path = OhMyHomeUITests.swift; sourceTree = "<group>"; };
		F8653F6427F6D2AF009800FE /* OhMyHomeUITestsLaunchTests.swift */ = {isa = PBXFileReference; lastKnownFileType = sourcecode.swift; path = OhMyHomeUITestsLaunchTests.swift; sourceTree = "<group>"; };
		F8653F8027F71A49009800FE /* SearchViewController.swift */ = {isa = PBXFileReference; lastKnownFileType = sourcecode.swift; path = SearchViewController.swift; sourceTree = "<group>"; };
		F8653F8227F734D2009800FE /* AppCoordinator.swift */ = {isa = PBXFileReference; lastKnownFileType = sourcecode.swift; path = AppCoordinator.swift; sourceTree = "<group>"; };
		F8653FA227F73B68009800FE /* ItunesMedia.swift */ = {isa = PBXFileReference; lastKnownFileType = sourcecode.swift; path = ItunesMedia.swift; sourceTree = "<group>"; };
		F8653FA427F73CB5009800FE /* ApiItunesMedia.swift */ = {isa = PBXFileReference; lastKnownFileType = sourcecode.swift; path = ApiItunesMedia.swift; sourceTree = "<group>"; };
		F8653FA827F73D57009800FE /* SearchUseCase.swift */ = {isa = PBXFileReference; lastKnownFileType = sourcecode.swift; path = SearchUseCase.swift; sourceTree = "<group>"; };
		F8653FB127F74057009800FE /* ApiSearchRepository.swift */ = {isa = PBXFileReference; lastKnownFileType = sourcecode.swift; path = ApiSearchRepository.swift; sourceTree = "<group>"; };
		F8653FEA27F754DE009800FE /* ApiClient.swift */ = {isa = PBXFileReference; lastKnownFileType = sourcecode.swift; path = ApiClient.swift; sourceTree = "<group>"; };
		F8653FEC27F754F4009800FE /* ApiResponse.swift */ = {isa = PBXFileReference; lastKnownFileType = sourcecode.swift; path = ApiResponse.swift; sourceTree = "<group>"; };
		F8653FEE27F75536009800FE /* Result.swift */ = {isa = PBXFileReference; lastKnownFileType = sourcecode.swift; path = Result.swift; sourceTree = "<group>"; };
		F8653FF127F7554F009800FE /* SearchRepository.swift */ = {isa = PBXFileReference; lastKnownFileType = sourcecode.swift; path = SearchRepository.swift; sourceTree = "<group>"; };
		F8653FF527F7562C009800FE /* SearchApi.swift */ = {isa = PBXFileReference; lastKnownFileType = sourcecode.swift; path = SearchApi.swift; sourceTree = "<group>"; };
		F8653FF727F758A7009800FE /* ApiRequest+Extensions.swift */ = {isa = PBXFileReference; lastKnownFileType = sourcecode.swift; path = "ApiRequest+Extensions.swift"; sourceTree = "<group>"; };
		F8653FF927F75D18009800FE /* SearchPresenter.swift */ = {isa = PBXFileReference; lastKnownFileType = sourcecode.swift; path = SearchPresenter.swift; sourceTree = "<group>"; };
		F8653FFB27F75E1E009800FE /* SearchRouter.swift */ = {isa = PBXFileReference; lastKnownFileType = sourcecode.swift; path = SearchRouter.swift; sourceTree = "<group>"; };
		F8653FFD27F75EB2009800FE /* SearchFactory.swift */ = {isa = PBXFileReference; lastKnownFileType = sourcecode.swift; path = SearchFactory.swift; sourceTree = "<group>"; };
		F865400027F76292009800FE /* ViewControllerBaseProtocol.swift */ = {isa = PBXFileReference; lastKnownFileType = sourcecode.swift; path = ViewControllerBaseProtocol.swift; sourceTree = "<group>"; };
		F865400227F76340009800FE /* TextFieldBaseProtocol.swift */ = {isa = PBXFileReference; lastKnownFileType = sourcecode.swift; path = TextFieldBaseProtocol.swift; sourceTree = "<group>"; };
		F865401227F80AC4009800FE /* ItunesMediaCell.swift */ = {isa = PBXFileReference; lastKnownFileType = sourcecode.swift; path = ItunesMediaCell.swift; sourceTree = "<group>"; };
		F865401327F80AC4009800FE /* ItunesMediaCell.xib */ = {isa = PBXFileReference; lastKnownFileType = file.xib; path = ItunesMediaCell.xib; sourceTree = "<group>"; };
		F865401727F8147D009800FE /* DetailsViewController.swift */ = {isa = PBXFileReference; lastKnownFileType = sourcecode.swift; path = DetailsViewController.swift; sourceTree = "<group>"; };
		F865401A27F82168009800FE /* ArtworkCell.swift */ = {isa = PBXFileReference; lastKnownFileType = sourcecode.swift; path = ArtworkCell.swift; sourceTree = "<group>"; };
		F865401B27F82168009800FE /* ArtworkCell.xib */ = {isa = PBXFileReference; lastKnownFileType = file.xib; path = ArtworkCell.xib; sourceTree = "<group>"; };
		F865401E27F82396009800FE /* DetailCell.swift */ = {isa = PBXFileReference; lastKnownFileType = sourcecode.swift; path = DetailCell.swift; sourceTree = "<group>"; };
		F865401F27F82396009800FE /* DetailCell.xib */ = {isa = PBXFileReference; lastKnownFileType = file.xib; path = DetailCell.xib; sourceTree = "<group>"; };
		F865402227F824F2009800FE /* DetailsPresenter.swift */ = {isa = PBXFileReference; lastKnownFileType = sourcecode.swift; path = DetailsPresenter.swift; sourceTree = "<group>"; };
		F865402427F82504009800FE /* DetailsRouter.swift */ = {isa = PBXFileReference; lastKnownFileType = sourcecode.swift; path = DetailsRouter.swift; sourceTree = "<group>"; };
		F865402627F82512009800FE /* DetailsFactory.swift */ = {isa = PBXFileReference; lastKnownFileType = sourcecode.swift; path = DetailsFactory.swift; sourceTree = "<group>"; };
		F865402927F83988009800FE /* ApiClientTest.swift */ = {isa = PBXFileReference; lastKnownFileType = sourcecode.swift; path = ApiClientTest.swift; sourceTree = "<group>"; };
		F865402B27F89C19009800FE /* URLSessionStub.swift */ = {isa = PBXFileReference; lastKnownFileType = sourcecode.swift; path = URLSessionStub.swift; sourceTree = "<group>"; };
		F865402E27F89D4C009800FE /* NSError+Extensions.swift */ = {isa = PBXFileReference; lastKnownFileType = sourcecode.swift; path = "NSError+Extensions.swift"; sourceTree = "<group>"; };
		F865403027F89E55009800FE /* SearchParameters+Extensions.swift */ = {isa = PBXFileReference; lastKnownFileType = sourcecode.swift; path = "SearchParameters+Extensions.swift"; sourceTree = "<group>"; };
		F865403227F89FED009800FE /* ItunesMedia.swift */ = {isa = PBXFileReference; lastKnownFileType = sourcecode.swift; path = ItunesMedia.swift; sourceTree = "<group>"; };
		F865403427F8A128009800FE /* ApiSearchRepositorySpy.swift */ = {isa = PBXFileReference; lastKnownFileType = sourcecode.swift; path = ApiSearchRepositorySpy.swift; sourceTree = "<group>"; };
		F865403A27F8A290009800FE /* SearchRouterSpy.swift */ = {isa = PBXFileReference; lastKnownFileType = sourcecode.swift; path = SearchRouterSpy.swift; sourceTree = "<group>"; };
		F865403C27F8A349009800FE /* SearchPresenterSpy.swift */ = {isa = PBXFileReference; lastKnownFileType = sourcecode.swift; path = SearchPresenterSpy.swift; sourceTree = "<group>"; };
		F865403E27F8A45B009800FE /* SearchUseCaseStub.swift */ = {isa = PBXFileReference; lastKnownFileType = sourcecode.swift; path = SearchUseCaseStub.swift; sourceTree = "<group>"; };
		F865404027F8A52A009800FE /* SearchViewSpy.swift */ = {isa = PBXFileReference; lastKnownFileType = sourcecode.swift; path = SearchViewSpy.swift; sourceTree = "<group>"; };
		F865404227F8A600009800FE /* SearchPresenterTests.swift */ = {isa = PBXFileReference; lastKnownFileType = sourcecode.swift; path = SearchPresenterTests.swift; sourceTree = "<group>"; };
		F885B14227FAB0960074DD95 /* URLPercentEncoding+Extension.swift */ = {isa = PBXFileReference; lastKnownFileType = sourcecode.swift; path = "URLPercentEncoding+Extension.swift"; sourceTree = "<group>"; };
/* End PBXFileReference section */

/* Begin PBXFrameworksBuildPhase section */
		F8653F3B27F6D2AD009800FE /* Frameworks */ = {
			isa = PBXFrameworksBuildPhase;
			buildActionMask = 2147483647;
			files = (
			);
			runOnlyForDeploymentPostprocessing = 0;
		};
		F8653F5127F6D2AF009800FE /* Frameworks */ = {
			isa = PBXFrameworksBuildPhase;
			buildActionMask = 2147483647;
			files = (
			);
			runOnlyForDeploymentPostprocessing = 0;
		};
		F8653F5B27F6D2AF009800FE /* Frameworks */ = {
			isa = PBXFrameworksBuildPhase;
			buildActionMask = 2147483647;
			files = (
			);
			runOnlyForDeploymentPostprocessing = 0;
		};
/* End PBXFrameworksBuildPhase section */

/* Begin PBXGroup section */
		F8653F3527F6D2AD009800FE = {
			isa = PBXGroup;
			children = (
				F8653F4027F6D2AD009800FE /* OhMyHome */,
				F8653F5727F6D2AF009800FE /* OhMyHomeTests */,
				F8653F6127F6D2AF009800FE /* OhMyHomeUITests */,
				F8653F3F27F6D2AD009800FE /* Products */,
			);
			sourceTree = "<group>";
		};
		F8653F3F27F6D2AD009800FE /* Products */ = {
			isa = PBXGroup;
			children = (
				F8653F3E27F6D2AD009800FE /* OhMyHome.app */,
				F8653F5427F6D2AF009800FE /* OhMyHomeTests.xctest */,
				F8653F5E27F6D2AF009800FE /* OhMyHomeUITests.xctest */,
			);
			name = Products;
			sourceTree = "<group>";
		};
		F8653F4027F6D2AD009800FE /* OhMyHome */ = {
			isa = PBXGroup;
			children = (
				F8653F7427F71896009800FE /* Base */,
				F8653F7327F70EC4009800FE /* Data */,
				F8653F7227F70EBE009800FE /* Domain */,
				F8653F7127F70E6E009800FE /* Application */,
				F8653F4127F6D2AD009800FE /* AppDelegate.swift */,
				F8653F4327F6D2AD009800FE /* SceneDelegate.swift */,
				F8653F4527F6D2AD009800FE /* ViewController.swift */,
				F8653F4727F6D2AD009800FE /* Main.storyboard */,
				F8653F4A27F6D2AF009800FE /* Assets.xcassets */,
				F8653F4C27F6D2AF009800FE /* LaunchScreen.storyboard */,
				F8653F4F27F6D2AF009800FE /* Info.plist */,
			);
			path = OhMyHome;
			sourceTree = "<group>";
		};
		F8653F5727F6D2AF009800FE /* OhMyHomeTests */ = {
			isa = PBXGroup;
			children = (
				F865402D27F89D3F009800FE /* Helpers */,
				F8653F5827F6D2AF009800FE /* OhMyHomeTests.swift */,
				F865402927F83988009800FE /* ApiClientTest.swift */,
				F865404227F8A600009800FE /* SearchPresenterTests.swift */,
			);
			path = OhMyHomeTests;
			sourceTree = "<group>";
		};
		F8653F6127F6D2AF009800FE /* OhMyHomeUITests */ = {
			isa = PBXGroup;
			children = (
				F8653F6227F6D2AF009800FE /* OhMyHomeUITests.swift */,
				F8653F6427F6D2AF009800FE /* OhMyHomeUITestsLaunchTests.swift */,
			);
			path = OhMyHomeUITests;
			sourceTree = "<group>";
		};
		F8653F7127F70E6E009800FE /* Application */ = {
			isa = PBXGroup;
			children = (
				F865401627F8144D009800FE /* Detail */,
				F8653FFF27F7627E009800FE /* Protocol */,
				F8653F7F27F71A08009800FE /* Search */,
				F8653F8227F734D2009800FE /* AppCoordinator.swift */,
			);
			path = Application;
			sourceTree = "<group>";
		};
		F8653F7227F70EBE009800FE /* Domain */ = {
			isa = PBXGroup;
			children = (
				F8653FA627F73D33009800FE /* UseCases */,
				F8653FA127F73AAE009800FE /* Entities */,
			);
			path = Domain;
			sourceTree = "<group>";
		};
		F8653F7327F70EC4009800FE /* Data */ = {
			isa = PBXGroup;
			children = (
				F8653FAD27F73E8D009800FE /* Api */,
			);
			path = Data;
			sourceTree = "<group>";
		};
		F8653F7427F71896009800FE /* Base */ = {
			isa = PBXGroup;
			children = (
				F8653FE927F754D5009800FE /* Network */,
			);
			path = Base;
			sourceTree = "<group>";
		};
		F8653F7F27F71A08009800FE /* Search */ = {
			isa = PBXGroup;
			children = (
				F865401127F80AB2009800FE /* Cell */,
				F8653F8027F71A49009800FE /* SearchViewController.swift */,
				F8653FF927F75D18009800FE /* SearchPresenter.swift */,
				F8653FFB27F75E1E009800FE /* SearchRouter.swift */,
				F8653FFD27F75EB2009800FE /* SearchFactory.swift */,
			);
			path = Search;
			sourceTree = "<group>";
		};
		F8653FA127F73AAE009800FE /* Entities */ = {
			isa = PBXGroup;
			children = (
				F8653FA227F73B68009800FE /* ItunesMedia.swift */,
			);
			path = Entities;
			sourceTree = "<group>";
		};
		F8653FA627F73D33009800FE /* UseCases */ = {
			isa = PBXGroup;
			children = (
				F8653FA827F73D57009800FE /* SearchUseCase.swift */,
			);
			path = UseCases;
			sourceTree = "<group>";
		};
		F8653FA727F73D3C009800FE /* Entities */ = {
			isa = PBXGroup;
			children = (
				F8653FA427F73CB5009800FE /* ApiItunesMedia.swift */,
			);
			path = Entities;
			sourceTree = "<group>";
		};
		F8653FAC27F73E82009800FE /* ApiRepo */ = {
			isa = PBXGroup;
			children = (
				F8653FF427F75618009800FE /* Request */,
				F8653FB127F74057009800FE /* ApiSearchRepository.swift */,
			);
			path = ApiRepo;
			sourceTree = "<group>";
		};
		F8653FAD27F73E8D009800FE /* Api */ = {
			isa = PBXGroup;
			children = (
				F8653FF027F75541009800FE /* Repository */,
				F8653FA727F73D3C009800FE /* Entities */,
				F8653FAC27F73E82009800FE /* ApiRepo */,
			);
			path = Api;
			sourceTree = "<group>";
		};
		F8653FE927F754D5009800FE /* Network */ = {
			isa = PBXGroup;
			children = (
				F8653FEA27F754DE009800FE /* ApiClient.swift */,
				F8653FEC27F754F4009800FE /* ApiResponse.swift */,
				F8653FEE27F75536009800FE /* Result.swift */,
				F885B14227FAB0960074DD95 /* URLPercentEncoding+Extension.swift */,
			);
			path = Network;
			sourceTree = "<group>";
		};
		F8653FF027F75541009800FE /* Repository */ = {
			isa = PBXGroup;
			children = (
				F8653FF127F7554F009800FE /* SearchRepository.swift */,
			);
			path = Repository;
			sourceTree = "<group>";
		};
		F8653FF427F75618009800FE /* Request */ = {
			isa = PBXGroup;
			children = (
				F8653FF527F7562C009800FE /* SearchApi.swift */,
				F8653FF727F758A7009800FE /* ApiRequest+Extensions.swift */,
			);
			path = Request;
			sourceTree = "<group>";
		};
		F8653FFF27F7627E009800FE /* Protocol */ = {
			isa = PBXGroup;
			children = (
				F865400027F76292009800FE /* ViewControllerBaseProtocol.swift */,
				F865400227F76340009800FE /* TextFieldBaseProtocol.swift */,
			);
			path = Protocol;
			sourceTree = "<group>";
		};
		F865401127F80AB2009800FE /* Cell */ = {
			isa = PBXGroup;
			children = (
				F865401227F80AC4009800FE /* ItunesMediaCell.swift */,
				F865401327F80AC4009800FE /* ItunesMediaCell.xib */,
			);
			path = Cell;
			sourceTree = "<group>";
		};
		F865401627F8144D009800FE /* Detail */ = {
			isa = PBXGroup;
			children = (
				F865401927F8214D009800FE /* Cells */,
				F865401727F8147D009800FE /* DetailsViewController.swift */,
				F865402227F824F2009800FE /* DetailsPresenter.swift */,
				F865402427F82504009800FE /* DetailsRouter.swift */,
				F865402627F82512009800FE /* DetailsFactory.swift */,
			);
			path = Detail;
			sourceTree = "<group>";
		};
		F865401927F8214D009800FE /* Cells */ = {
			isa = PBXGroup;
			children = (
				F865401A27F82168009800FE /* ArtworkCell.swift */,
				F865401B27F82168009800FE /* ArtworkCell.xib */,
				F865401E27F82396009800FE /* DetailCell.swift */,
				F865401F27F82396009800FE /* DetailCell.xib */,
			);
			path = Cells;
			sourceTree = "<group>";
		};
		F865402827F8396D009800FE /* Repository */ = {
			isa = PBXGroup;
			children = (
				F865403427F8A128009800FE /* ApiSearchRepositorySpy.swift */,
			);
			path = Repository;
			sourceTree = "<group>";
		};
		F865402D27F89D3F009800FE /* Helpers */ = {
			isa = PBXGroup;
			children = (
				F865403927F8A264009800FE /* UseCases */,
				F865403827F8A25B009800FE /* Routers */,
				F865403727F8A256009800FE /* Views */,
				F865402827F8396D009800FE /* Repository */,
				F865403627F8A20D009800FE /* Presenter */,
				F865402B27F89C19009800FE /* URLSessionStub.swift */,
				F865402E27F89D4C009800FE /* NSError+Extensions.swift */,
				F865403027F89E55009800FE /* SearchParameters+Extensions.swift */,
				F865403227F89FED009800FE /* ItunesMedia.swift */,
			);
			path = Helpers;
			sourceTree = "<group>";
		};
		F865403627F8A20D009800FE /* Presenter */ = {
			isa = PBXGroup;
			children = (
				F865403C27F8A349009800FE /* SearchPresenterSpy.swift */,
			);
			path = Presenter;
			sourceTree = "<group>";
		};
		F865403727F8A256009800FE /* Views */ = {
			isa = PBXGroup;
			children = (
				F865404027F8A52A009800FE /* SearchViewSpy.swift */,
			);
			path = Views;
			sourceTree = "<group>";
		};
		F865403827F8A25B009800FE /* Routers */ = {
			isa = PBXGroup;
			children = (
				F865403A27F8A290009800FE /* SearchRouterSpy.swift */,
			);
			path = Routers;
			sourceTree = "<group>";
		};
		F865403927F8A264009800FE /* UseCases */ = {
			isa = PBXGroup;
			children = (
				F865403E27F8A45B009800FE /* SearchUseCaseStub.swift */,
			);
			path = UseCases;
			sourceTree = "<group>";
		};
/* End PBXGroup section */

/* Begin PBXNativeTarget section */
		F8653F3D27F6D2AD009800FE /* OhMyHome */ = {
			isa = PBXNativeTarget;
			buildConfigurationList = F8653F6827F6D2AF009800FE /* Build configuration list for PBXNativeTarget "OhMyHome" */;
			buildPhases = (
				F8653F3A27F6D2AD009800FE /* Sources */,
				F8653F3B27F6D2AD009800FE /* Frameworks */,
				F8653F3C27F6D2AD009800FE /* Resources */,
			);
			buildRules = (
			);
			dependencies = (
			);
			name = OhMyHome;
			productName = OhMyHome;
			productReference = F8653F3E27F6D2AD009800FE /* OhMyHome.app */;
			productType = "com.apple.product-type.application";
		};
		F8653F5327F6D2AF009800FE /* OhMyHomeTests */ = {
			isa = PBXNativeTarget;
			buildConfigurationList = F8653F6B27F6D2AF009800FE /* Build configuration list for PBXNativeTarget "OhMyHomeTests" */;
			buildPhases = (
				F8653F5027F6D2AF009800FE /* Sources */,
				F8653F5127F6D2AF009800FE /* Frameworks */,
				F8653F5227F6D2AF009800FE /* Resources */,
			);
			buildRules = (
			);
			dependencies = (
				F8653F5627F6D2AF009800FE /* PBXTargetDependency */,
			);
			name = OhMyHomeTests;
			productName = OhMyHomeTests;
			productReference = F8653F5427F6D2AF009800FE /* OhMyHomeTests.xctest */;
			productType = "com.apple.product-type.bundle.unit-test";
		};
		F8653F5D27F6D2AF009800FE /* OhMyHomeUITests */ = {
			isa = PBXNativeTarget;
			buildConfigurationList = F8653F6E27F6D2AF009800FE /* Build configuration list for PBXNativeTarget "OhMyHomeUITests" */;
			buildPhases = (
				F8653F5A27F6D2AF009800FE /* Sources */,
				F8653F5B27F6D2AF009800FE /* Frameworks */,
				F8653F5C27F6D2AF009800FE /* Resources */,
			);
			buildRules = (
			);
			dependencies = (
				F8653F6027F6D2AF009800FE /* PBXTargetDependency */,
			);
			name = OhMyHomeUITests;
			productName = OhMyHomeUITests;
			productReference = F8653F5E27F6D2AF009800FE /* OhMyHomeUITests.xctest */;
			productType = "com.apple.product-type.bundle.ui-testing";
		};
/* End PBXNativeTarget section */

/* Begin PBXProject section */
		F8653F3627F6D2AD009800FE /* Project object */ = {
			isa = PBXProject;
			attributes = {
				BuildIndependentTargetsInParallel = 1;
				LastSwiftUpdateCheck = 1330;
				LastUpgradeCheck = 1330;
				TargetAttributes = {
					F8653F3D27F6D2AD009800FE = {
						CreatedOnToolsVersion = 13.3;
					};
					F8653F5327F6D2AF009800FE = {
						CreatedOnToolsVersion = 13.3;
						TestTargetID = F8653F3D27F6D2AD009800FE;
					};
					F8653F5D27F6D2AF009800FE = {
						CreatedOnToolsVersion = 13.3;
						TestTargetID = F8653F3D27F6D2AD009800FE;
					};
				};
			};
			buildConfigurationList = F8653F3927F6D2AD009800FE /* Build configuration list for PBXProject "OhMyHome" */;
			compatibilityVersion = "Xcode 13.0";
			developmentRegion = en;
			hasScannedForEncodings = 0;
			knownRegions = (
				en,
				Base,
			);
			mainGroup = F8653F3527F6D2AD009800FE;
			productRefGroup = F8653F3F27F6D2AD009800FE /* Products */;
			projectDirPath = "";
			projectRoot = "";
			targets = (
				F8653F3D27F6D2AD009800FE /* OhMyHome */,
				F8653F5327F6D2AF009800FE /* OhMyHomeTests */,
				F8653F5D27F6D2AF009800FE /* OhMyHomeUITests */,
			);
		};
/* End PBXProject section */

/* Begin PBXResourcesBuildPhase section */
		F8653F3C27F6D2AD009800FE /* Resources */ = {
			isa = PBXResourcesBuildPhase;
			buildActionMask = 2147483647;
			files = (
				F865401D27F82168009800FE /* ArtworkCell.xib in Resources */,
				F865401527F80AC4009800FE /* ItunesMediaCell.xib in Resources */,
				F865402127F82396009800FE /* DetailCell.xib in Resources */,
				F8653F4E27F6D2AF009800FE /* LaunchScreen.storyboard in Resources */,
				F8653F4B27F6D2AF009800FE /* Assets.xcassets in Resources */,
				F8653F4927F6D2AD009800FE /* Main.storyboard in Resources */,
			);
			runOnlyForDeploymentPostprocessing = 0;
		};
		F8653F5227F6D2AF009800FE /* Resources */ = {
			isa = PBXResourcesBuildPhase;
			buildActionMask = 2147483647;
			files = (
			);
			runOnlyForDeploymentPostprocessing = 0;
		};
		F8653F5C27F6D2AF009800FE /* Resources */ = {
			isa = PBXResourcesBuildPhase;
			buildActionMask = 2147483647;
			files = (
			);
			runOnlyForDeploymentPostprocessing = 0;
		};
/* End PBXResourcesBuildPhase section */

/* Begin PBXSourcesBuildPhase section */
		F8653F3A27F6D2AD009800FE /* Sources */ = {
			isa = PBXSourcesBuildPhase;
			buildActionMask = 2147483647;
			files = (
				F865402727F82512009800FE /* DetailsFactory.swift in Sources */,
				F8653FEB27F754DE009800FE /* ApiClient.swift in Sources */,
				F865401427F80AC4009800FE /* ItunesMediaCell.swift in Sources */,
				F8653FF627F7562C009800FE /* SearchApi.swift in Sources */,
				F865401827F8147D009800FE /* DetailsViewController.swift in Sources */,
				F8653FEF27F75536009800FE /* Result.swift in Sources */,
				F865402527F82504009800FE /* DetailsRouter.swift in Sources */,
				F8653FF827F758A7009800FE /* ApiRequest+Extensions.swift in Sources */,
				F885B14327FAB0960074DD95 /* URLPercentEncoding+Extension.swift in Sources */,
				F8653FA927F73D57009800FE /* SearchUseCase.swift in Sources */,
				F865402327F824F2009800FE /* DetailsPresenter.swift in Sources */,
				F8653F4627F6D2AD009800FE /* ViewController.swift in Sources */,
				F8653F8127F71A49009800FE /* SearchViewController.swift in Sources */,
				F8653FFC27F75E1E009800FE /* SearchRouter.swift in Sources */,
				F865400327F76340009800FE /* TextFieldBaseProtocol.swift in Sources */,
				F8653F4227F6D2AD009800FE /* AppDelegate.swift in Sources */,
				F8653FA527F73CB5009800FE /* ApiItunesMedia.swift in Sources */,
				F8653F8327F734D2009800FE /* AppCoordinator.swift in Sources */,
				F865402027F82396009800FE /* DetailCell.swift in Sources */,
				F8653FB227F74057009800FE /* ApiSearchRepository.swift in Sources */,
				F8653FED27F754F4009800FE /* ApiResponse.swift in Sources */,
				F8653FF227F7554F009800FE /* SearchRepository.swift in Sources */,
				F8653FA327F73B68009800FE /* ItunesMedia.swift in Sources */,
				F865401C27F82168009800FE /* ArtworkCell.swift in Sources */,
				F8653FFA27F75D18009800FE /* SearchPresenter.swift in Sources */,
				F8653FFE27F75EB2009800FE /* SearchFactory.swift in Sources */,
				F865400127F76292009800FE /* ViewControllerBaseProtocol.swift in Sources */,
				F8653F4427F6D2AD009800FE /* SceneDelegate.swift in Sources */,
			);
			runOnlyForDeploymentPostprocessing = 0;
		};
		F8653F5027F6D2AF009800FE /* Sources */ = {
			isa = PBXSourcesBuildPhase;
			buildActionMask = 2147483647;
			files = (
				F8653F5927F6D2AF009800FE /* OhMyHomeTests.swift in Sources */,
				F865402F27F89D4C009800FE /* NSError+Extensions.swift in Sources */,
				F865403327F89FED009800FE /* ItunesMedia.swift in Sources */,
				F865403D27F8A349009800FE /* SearchPresenterSpy.swift in Sources */,
				F865403B27F8A290009800FE /* SearchRouterSpy.swift in Sources */,
				F865403F27F8A45B009800FE /* SearchUseCaseStub.swift in Sources */,
				F865404327F8A600009800FE /* SearchPresenterTests.swift in Sources */,
				F865404127F8A52A009800FE /* SearchViewSpy.swift in Sources */,
				F865403527F8A128009800FE /* ApiSearchRepositorySpy.swift in Sources */,
				F865402A27F83988009800FE /* ApiClientTest.swift in Sources */,
				F865402C27F89C19009800FE /* URLSessionStub.swift in Sources */,
				F865403127F89E55009800FE /* SearchParameters+Extensions.swift in Sources */,
			);
			runOnlyForDeploymentPostprocessing = 0;
		};
		F8653F5A27F6D2AF009800FE /* Sources */ = {
			isa = PBXSourcesBuildPhase;
			buildActionMask = 2147483647;
			files = (
				F8653F6527F6D2AF009800FE /* OhMyHomeUITestsLaunchTests.swift in Sources */,
				F8653F6327F6D2AF009800FE /* OhMyHomeUITests.swift in Sources */,
			);
			runOnlyForDeploymentPostprocessing = 0;
		};
/* End PBXSourcesBuildPhase section */

/* Begin PBXTargetDependency section */
		F8653F5627F6D2AF009800FE /* PBXTargetDependency */ = {
			isa = PBXTargetDependency;
			target = F8653F3D27F6D2AD009800FE /* OhMyHome */;
			targetProxy = F8653F5527F6D2AF009800FE /* PBXContainerItemProxy */;
		};
		F8653F6027F6D2AF009800FE /* PBXTargetDependency */ = {
			isa = PBXTargetDependency;
			target = F8653F3D27F6D2AD009800FE /* OhMyHome */;
			targetProxy = F8653F5F27F6D2AF009800FE /* PBXContainerItemProxy */;
		};
/* End PBXTargetDependency section */

/* Begin PBXVariantGroup section */
		F8653F4727F6D2AD009800FE /* Main.storyboard */ = {
			isa = PBXVariantGroup;
			children = (
				F8653F4827F6D2AD009800FE /* Base */,
			);
			name = Main.storyboard;
			sourceTree = "<group>";
		};
		F8653F4C27F6D2AF009800FE /* LaunchScreen.storyboard */ = {
			isa = PBXVariantGroup;
			children = (
				F8653F4D27F6D2AF009800FE /* Base */,
			);
			name = LaunchScreen.storyboard;
			sourceTree = "<group>";
		};
/* End PBXVariantGroup section */

/* Begin XCBuildConfiguration section */
		F8653F6627F6D2AF009800FE /* Debug */ = {
			isa = XCBuildConfiguration;
			buildSettings = {
				ALWAYS_SEARCH_USER_PATHS = NO;
				CLANG_ANALYZER_NONNULL = YES;
				CLANG_ANALYZER_NUMBER_OBJECT_CONVERSION = YES_AGGRESSIVE;
				CLANG_CXX_LANGUAGE_STANDARD = "gnu++17";
				CLANG_ENABLE_MODULES = YES;
				CLANG_ENABLE_OBJC_ARC = YES;
				CLANG_ENABLE_OBJC_WEAK = YES;
				CLANG_WARN_BLOCK_CAPTURE_AUTORELEASING = YES;
				CLANG_WARN_BOOL_CONVERSION = YES;
				CLANG_WARN_COMMA = YES;
				CLANG_WARN_CONSTANT_CONVERSION = YES;
				CLANG_WARN_DEPRECATED_OBJC_IMPLEMENTATIONS = YES;
				CLANG_WARN_DIRECT_OBJC_ISA_USAGE = YES_ERROR;
				CLANG_WARN_DOCUMENTATION_COMMENTS = YES;
				CLANG_WARN_EMPTY_BODY = YES;
				CLANG_WARN_ENUM_CONVERSION = YES;
				CLANG_WARN_INFINITE_RECURSION = YES;
				CLANG_WARN_INT_CONVERSION = YES;
				CLANG_WARN_NON_LITERAL_NULL_CONVERSION = YES;
				CLANG_WARN_OBJC_IMPLICIT_RETAIN_SELF = YES;
				CLANG_WARN_OBJC_LITERAL_CONVERSION = YES;
				CLANG_WARN_OBJC_ROOT_CLASS = YES_ERROR;
				CLANG_WARN_QUOTED_INCLUDE_IN_FRAMEWORK_HEADER = YES;
				CLANG_WARN_RANGE_LOOP_ANALYSIS = YES;
				CLANG_WARN_STRICT_PROTOTYPES = YES;
				CLANG_WARN_SUSPICIOUS_MOVE = YES;
				CLANG_WARN_UNGUARDED_AVAILABILITY = YES_AGGRESSIVE;
				CLANG_WARN_UNREACHABLE_CODE = YES;
				CLANG_WARN__DUPLICATE_METHOD_MATCH = YES;
				COPY_PHASE_STRIP = NO;
				DEBUG_INFORMATION_FORMAT = dwarf;
				ENABLE_STRICT_OBJC_MSGSEND = YES;
				ENABLE_TESTABILITY = YES;
				GCC_C_LANGUAGE_STANDARD = gnu11;
				GCC_DYNAMIC_NO_PIC = NO;
				GCC_NO_COMMON_BLOCKS = YES;
				GCC_OPTIMIZATION_LEVEL = 0;
				GCC_PREPROCESSOR_DEFINITIONS = (
					"DEBUG=1",
					"$(inherited)",
				);
				GCC_WARN_64_TO_32_BIT_CONVERSION = YES;
				GCC_WARN_ABOUT_RETURN_TYPE = YES_ERROR;
				GCC_WARN_UNDECLARED_SELECTOR = YES;
				GCC_WARN_UNINITIALIZED_AUTOS = YES_AGGRESSIVE;
				GCC_WARN_UNUSED_FUNCTION = YES;
				GCC_WARN_UNUSED_VARIABLE = YES;
				IPHONEOS_DEPLOYMENT_TARGET = 14.0;
				MTL_ENABLE_DEBUG_INFO = INCLUDE_SOURCE;
				MTL_FAST_MATH = YES;
				ONLY_ACTIVE_ARCH = YES;
				SDKROOT = iphoneos;
				SWIFT_ACTIVE_COMPILATION_CONDITIONS = DEBUG;
				SWIFT_OPTIMIZATION_LEVEL = "-Onone";
			};
			name = Debug;
		};
		F8653F6727F6D2AF009800FE /* Release */ = {
			isa = XCBuildConfiguration;
			buildSettings = {
				ALWAYS_SEARCH_USER_PATHS = NO;
				CLANG_ANALYZER_NONNULL = YES;
				CLANG_ANALYZER_NUMBER_OBJECT_CONVERSION = YES_AGGRESSIVE;
				CLANG_CXX_LANGUAGE_STANDARD = "gnu++17";
				CLANG_ENABLE_MODULES = YES;
				CLANG_ENABLE_OBJC_ARC = YES;
				CLANG_ENABLE_OBJC_WEAK = YES;
				CLANG_WARN_BLOCK_CAPTURE_AUTORELEASING = YES;
				CLANG_WARN_BOOL_CONVERSION = YES;
				CLANG_WARN_COMMA = YES;
				CLANG_WARN_CONSTANT_CONVERSION = YES;
				CLANG_WARN_DEPRECATED_OBJC_IMPLEMENTATIONS = YES;
				CLANG_WARN_DIRECT_OBJC_ISA_USAGE = YES_ERROR;
				CLANG_WARN_DOCUMENTATION_COMMENTS = YES;
				CLANG_WARN_EMPTY_BODY = YES;
				CLANG_WARN_ENUM_CONVERSION = YES;
				CLANG_WARN_INFINITE_RECURSION = YES;
				CLANG_WARN_INT_CONVERSION = YES;
				CLANG_WARN_NON_LITERAL_NULL_CONVERSION = YES;
				CLANG_WARN_OBJC_IMPLICIT_RETAIN_SELF = YES;
				CLANG_WARN_OBJC_LITERAL_CONVERSION = YES;
				CLANG_WARN_OBJC_ROOT_CLASS = YES_ERROR;
				CLANG_WARN_QUOTED_INCLUDE_IN_FRAMEWORK_HEADER = YES;
				CLANG_WARN_RANGE_LOOP_ANALYSIS = YES;
				CLANG_WARN_STRICT_PROTOTYPES = YES;
				CLANG_WARN_SUSPICIOUS_MOVE = YES;
				CLANG_WARN_UNGUARDED_AVAILABILITY = YES_AGGRESSIVE;
				CLANG_WARN_UNREACHABLE_CODE = YES;
				CLANG_WARN__DUPLICATE_METHOD_MATCH = YES;
				COPY_PHASE_STRIP = NO;
				DEBUG_INFORMATION_FORMAT = "dwarf-with-dsym";
				ENABLE_NS_ASSERTIONS = NO;
				ENABLE_STRICT_OBJC_MSGSEND = YES;
				GCC_C_LANGUAGE_STANDARD = gnu11;
				GCC_NO_COMMON_BLOCKS = YES;
				GCC_WARN_64_TO_32_BIT_CONVERSION = YES;
				GCC_WARN_ABOUT_RETURN_TYPE = YES_ERROR;
				GCC_WARN_UNDECLARED_SELECTOR = YES;
				GCC_WARN_UNINITIALIZED_AUTOS = YES_AGGRESSIVE;
				GCC_WARN_UNUSED_FUNCTION = YES;
				GCC_WARN_UNUSED_VARIABLE = YES;
				IPHONEOS_DEPLOYMENT_TARGET = 14.0;
				MTL_ENABLE_DEBUG_INFO = NO;
				MTL_FAST_MATH = YES;
				SDKROOT = iphoneos;
				SWIFT_COMPILATION_MODE = wholemodule;
				SWIFT_OPTIMIZATION_LEVEL = "-O";
				VALIDATE_PRODUCT = YES;
			};
			name = Release;
		};
		F8653F6927F6D2AF009800FE /* Debug */ = {
			isa = XCBuildConfiguration;
			buildSettings = {
				ASSETCATALOG_COMPILER_APPICON_NAME = AppIcon;
				ASSETCATALOG_COMPILER_GLOBAL_ACCENT_COLOR_NAME = AccentColor;
				CODE_SIGN_STYLE = Automatic;
				CURRENT_PROJECT_VERSION = 1;
				DEVELOPMENT_TEAM = M355FXA4RY;
				GENERATE_INFOPLIST_FILE = YES;
				INFOPLIST_FILE = OhMyHome/Info.plist;
				INFOPLIST_KEY_UIApplicationSupportsIndirectInputEvents = YES;
				INFOPLIST_KEY_UILaunchStoryboardName = LaunchScreen;
				INFOPLIST_KEY_UIMainStoryboardFile = Main;
				INFOPLIST_KEY_UISupportedInterfaceOrientations = UIInterfaceOrientationPortrait;
				INFOPLIST_KEY_UISupportedInterfaceOrientations_iPad = "UIInterfaceOrientationPortrait UIInterfaceOrientationPortraitUpsideDown UIInterfaceOrientationLandscapeLeft UIInterfaceOrientationLandscapeRight";
				INFOPLIST_KEY_UISupportedInterfaceOrientations_iPhone = "UIInterfaceOrientationPortrait UIInterfaceOrientationLandscapeLeft UIInterfaceOrientationLandscapeRight";
				INFOPLIST_KEY_UIUserInterfaceStyle = "";
				IPHONEOS_DEPLOYMENT_TARGET = 14.0;
				LD_RUNPATH_SEARCH_PATHS = (
					"$(inherited)",
					"@executable_path/Frameworks",
				);
				MARKETING_VERSION = 1.0;
				PRODUCT_BUNDLE_IDENTIFIER = com.app.OhMyHome;
				PRODUCT_NAME = "$(TARGET_NAME)";
				SWIFT_EMIT_LOC_STRINGS = YES;
				SWIFT_VERSION = 5.0;
				TARGETED_DEVICE_FAMILY = "1,2";
			};
			name = Debug;
		};
		F8653F6A27F6D2AF009800FE /* Release */ = {
			isa = XCBuildConfiguration;
			buildSettings = {
				ASSETCATALOG_COMPILER_APPICON_NAME = AppIcon;
				ASSETCATALOG_COMPILER_GLOBAL_ACCENT_COLOR_NAME = AccentColor;
				CODE_SIGN_STYLE = Automatic;
				CURRENT_PROJECT_VERSION = 1;
				DEVELOPMENT_TEAM = M355FXA4RY;
				GENERATE_INFOPLIST_FILE = YES;
				INFOPLIST_FILE = OhMyHome/Info.plist;
				INFOPLIST_KEY_UIApplicationSupportsIndirectInputEvents = YES;
				INFOPLIST_KEY_UILaunchStoryboardName = LaunchScreen;
				INFOPLIST_KEY_UIMainStoryboardFile = Main;
				INFOPLIST_KEY_UISupportedInterfaceOrientations = UIInterfaceOrientationPortrait;
				INFOPLIST_KEY_UISupportedInterfaceOrientations_iPad = "UIInterfaceOrientationPortrait UIInterfaceOrientationPortraitUpsideDown UIInterfaceOrientationLandscapeLeft UIInterfaceOrientationLandscapeRight";
				INFOPLIST_KEY_UISupportedInterfaceOrientations_iPhone = "UIInterfaceOrientationPortrait UIInterfaceOrientationLandscapeLeft UIInterfaceOrientationLandscapeRight";
				INFOPLIST_KEY_UIUserInterfaceStyle = "";
				IPHONEOS_DEPLOYMENT_TARGET = 14.0;
				LD_RUNPATH_SEARCH_PATHS = (
					"$(inherited)",
					"@executable_path/Frameworks",
				);
				MARKETING_VERSION = 1.0;
				PRODUCT_BUNDLE_IDENTIFIER = com.app.OhMyHome;
				PRODUCT_NAME = "$(TARGET_NAME)";
				SWIFT_EMIT_LOC_STRINGS = YES;
				SWIFT_VERSION = 5.0;
				TARGETED_DEVICE_FAMILY = "1,2";
			};
			name = Release;
		};
		F8653F6C27F6D2AF009800FE /* Debug */ = {
			isa = XCBuildConfiguration;
			buildSettings = {
				ALWAYS_EMBED_SWIFT_STANDARD_LIBRARIES = YES;
				BUNDLE_LOADER = "$(TEST_HOST)";
				CODE_SIGN_STYLE = Automatic;
				CURRENT_PROJECT_VERSION = 1;
				DEVELOPMENT_TEAM = M355FXA4RY;
				GENERATE_INFOPLIST_FILE = YES;
				IPHONEOS_DEPLOYMENT_TARGET = 15.4;
				MARKETING_VERSION = 1.0;
				PRODUCT_BUNDLE_IDENTIFIER = com.app.OhMyHomeTests;
				PRODUCT_NAME = "$(TARGET_NAME)";
				SWIFT_EMIT_LOC_STRINGS = NO;
				SWIFT_VERSION = 5.0;
				TARGETED_DEVICE_FAMILY = "1,2";
				TEST_HOST = "$(BUILT_PRODUCTS_DIR)/OhMyHome.app/OhMyHome";
			};
			name = Debug;
		};
		F8653F6D27F6D2AF009800FE /* Release */ = {
			isa = XCBuildConfiguration;
			buildSettings = {
				ALWAYS_EMBED_SWIFT_STANDARD_LIBRARIES = YES;
				BUNDLE_LOADER = "$(TEST_HOST)";
				CODE_SIGN_STYLE = Automatic;
				CURRENT_PROJECT_VERSION = 1;
				DEVELOPMENT_TEAM = M355FXA4RY;
				GENERATE_INFOPLIST_FILE = YES;
				IPHONEOS_DEPLOYMENT_TARGET = 15.4;
				MARKETING_VERSION = 1.0;
				PRODUCT_BUNDLE_IDENTIFIER = com.app.OhMyHomeTests;
				PRODUCT_NAME = "$(TARGET_NAME)";
				SWIFT_EMIT_LOC_STRINGS = NO;
				SWIFT_VERSION = 5.0;
				TARGETED_DEVICE_FAMILY = "1,2";
				TEST_HOST = "$(BUILT_PRODUCTS_DIR)/OhMyHome.app/OhMyHome";
			};
			name = Release;
		};
		F8653F6F27F6D2AF009800FE /* Debug */ = {
			isa = XCBuildConfiguration;
			buildSettings = {
				ALWAYS_EMBED_SWIFT_STANDARD_LIBRARIES = YES;
				CODE_SIGN_STYLE = Automatic;
				CURRENT_PROJECT_VERSION = 1;
				DEVELOPMENT_TEAM = M355FXA4RY;
				GENERATE_INFOPLIST_FILE = YES;
				MARKETING_VERSION = 1.0;
				PRODUCT_BUNDLE_IDENTIFIER = com.app.OhMyHomeUITests;
				PRODUCT_NAME = "$(TARGET_NAME)";
				SWIFT_EMIT_LOC_STRINGS = NO;
				SWIFT_VERSION = 5.0;
				TARGETED_DEVICE_FAMILY = "1,2";
				TEST_TARGET_NAME = OhMyHome;
			};
			name = Debug;
		};
		F8653F7027F6D2AF009800FE /* Release */ = {
			isa = XCBuildConfiguration;
			buildSettings = {
				ALWAYS_EMBED_SWIFT_STANDARD_LIBRARIES = YES;
				CODE_SIGN_STYLE = Automatic;
				CURRENT_PROJECT_VERSION = 1;
				DEVELOPMENT_TEAM = M355FXA4RY;
				GENERATE_INFOPLIST_FILE = YES;
				MARKETING_VERSION = 1.0;
				PRODUCT_BUNDLE_IDENTIFIER = com.app.OhMyHomeUITests;
				PRODUCT_NAME = "$(TARGET_NAME)";
				SWIFT_EMIT_LOC_STRINGS = NO;
				SWIFT_VERSION = 5.0;
				TARGETED_DEVICE_FAMILY = "1,2";
				TEST_TARGET_NAME = OhMyHome;
			};
			name = Release;
		};
/* End XCBuildConfiguration section */

/* Begin XCConfigurationList section */
		F8653F3927F6D2AD009800FE /* Build configuration list for PBXProject "OhMyHome" */ = {
			isa = XCConfigurationList;
			buildConfigurations = (
				F8653F6627F6D2AF009800FE /* Debug */,
				F8653F6727F6D2AF009800FE /* Release */,
			);
			defaultConfigurationIsVisible = 0;
			defaultConfigurationName = Release;
		};
		F8653F6827F6D2AF009800FE /* Build configuration list for PBXNativeTarget "OhMyHome" */ = {
			isa = XCConfigurationList;
			buildConfigurations = (
				F8653F6927F6D2AF009800FE /* Debug */,
				F8653F6A27F6D2AF009800FE /* Release */,
			);
			defaultConfigurationIsVisible = 0;
			defaultConfigurationName = Release;
		};
		F8653F6B27F6D2AF009800FE /* Build configuration list for PBXNativeTarget "OhMyHomeTests" */ = {
			isa = XCConfigurationList;
			buildConfigurations = (
				F8653F6C27F6D2AF009800FE /* Debug */,
				F8653F6D27F6D2AF009800FE /* Release */,
			);
			defaultConfigurationIsVisible = 0;
			defaultConfigurationName = Release;
		};
		F8653F6E27F6D2AF009800FE /* Build configuration list for PBXNativeTarget "OhMyHomeUITests" */ = {
			isa = XCConfigurationList;
			buildConfigurations = (
				F8653F6F27F6D2AF009800FE /* Debug */,
				F8653F7027F6D2AF009800FE /* Release */,
			);
			defaultConfigurationIsVisible = 0;
			defaultConfigurationName = Release;
		};
/* End XCConfigurationList section */
	};
	rootObject = F8653F3627F6D2AD009800FE /* Project object */;
}
